// !$*UTF8*$!
{
	archiveVersion = 1;
	classes = {
	};
	objectVersion = 50;
	objects = {

/* Begin PBXBuildFile section */
		450DCB5B25728F4800C551DE /* AppDelegate.swift in Sources */ = {isa = PBXBuildFile; fileRef = 450DCB5A25728F4800C551DE /* AppDelegate.swift */; };
		450DCB5D25728F4800C551DE /* SceneDelegate.swift in Sources */ = {isa = PBXBuildFile; fileRef = 450DCB5C25728F4800C551DE /* SceneDelegate.swift */; };
		450DCB5F25728F4800C551DE /* ViewController.swift in Sources */ = {isa = PBXBuildFile; fileRef = 450DCB5E25728F4800C551DE /* ViewController.swift */; };
		450DCB6225728F4800C551DE /* Main.storyboard in Resources */ = {isa = PBXBuildFile; fileRef = 450DCB6025728F4800C551DE /* Main.storyboard */; };
		450DCB6425728F4B00C551DE /* Assets.xcassets in Resources */ = {isa = PBXBuildFile; fileRef = 450DCB6325728F4B00C551DE /* Assets.xcassets */; };
		450DCB6725728F4B00C551DE /* LaunchScreen.storyboard in Resources */ = {isa = PBXBuildFile; fileRef = 450DCB6525728F4B00C551DE /* LaunchScreen.storyboard */; };
		450DCB7025729A1C00C551DE /* Constants.swift in Sources */ = {isa = PBXBuildFile; fileRef = 450DCB6F25729A1C00C551DE /* Constants.swift */; };
		450DCB7325729BAF00C551DE /* Video.swift in Sources */ = {isa = PBXBuildFile; fileRef = 450DCB7225729BAF00C551DE /* Video.swift */; };
		450DCB7625729C2500C551DE /* Model.swift in Sources */ = {isa = PBXBuildFile; fileRef = 450DCB7525729C2500C551DE /* Model.swift */; };
		450DCB792572CB9E00C551DE /* Response.swift in Sources */ = {isa = PBXBuildFile; fileRef = 450DCB782572CB9E00C551DE /* Response.swift */; };
		450DCB8125741AF100C551DE /* TableViewCell.swift in Sources */ = {isa = PBXBuildFile; fileRef = 450DCB8025741AF100C551DE /* TableViewCell.swift */; };
/* End PBXBuildFile section */

/* Begin PBXFileReference section */
		450DCB5725728F4800C551DE /* trialvideoapp.app */ = {isa = PBXFileReference; explicitFileType = wrapper.application; includeInIndex = 0; path = trialvideoapp.app; sourceTree = BUILT_PRODUCTS_DIR; };
		450DCB5A25728F4800C551DE /* AppDelegate.swift */ = {isa = PBXFileReference; lastKnownFileType = sourcecode.swift; path = AppDelegate.swift; sourceTree = "<group>"; };
		450DCB5C25728F4800C551DE /* SceneDelegate.swift */ = {isa = PBXFileReference; lastKnownFileType = sourcecode.swift; path = SceneDelegate.swift; sourceTree = "<group>"; };
		450DCB5E25728F4800C551DE /* ViewController.swift */ = {isa = PBXFileReference; lastKnownFileType = sourcecode.swift; path = ViewController.swift; sourceTree = "<group>"; };
		450DCB6125728F4800C551DE /* Base */ = {isa = PBXFileReference; lastKnownFileType = file.storyboard; name = Base; path = Base.lproj/Main.storyboard; sourceTree = "<group>"; };
		450DCB6325728F4B00C551DE /* Assets.xcassets */ = {isa = PBXFileReference; lastKnownFileType = folder.assetcatalog; path = Assets.xcassets; sourceTree = "<group>"; };
		450DCB6625728F4B00C551DE /* Base */ = {isa = PBXFileReference; lastKnownFileType = file.storyboard; name = Base; path = Base.lproj/LaunchScreen.storyboard; sourceTree = "<group>"; };
		450DCB6825728F4B00C551DE /* Info.plist */ = {isa = PBXFileReference; lastKnownFileType = text.plist.xml; path = Info.plist; sourceTree = "<group>"; };
		450DCB6F25729A1C00C551DE /* Constants.swift */ = {isa = PBXFileReference; lastKnownFileType = sourcecode.swift; path = Constants.swift; sourceTree = "<group>"; };
		450DCB7225729BAF00C551DE /* Video.swift */ = {isa = PBXFileReference; lastKnownFileType = sourcecode.swift; path = Video.swift; sourceTree = "<group>"; };
		450DCB7525729C2500C551DE /* Model.swift */ = {isa = PBXFileReference; lastKnownFileType = sourcecode.swift; path = Model.swift; sourceTree = "<group>"; };
		450DCB782572CB9E00C551DE /* Response.swift */ = {isa = PBXFileReference; lastKnownFileType = sourcecode.swift; path = Response.swift; sourceTree = "<group>"; };
		450DCB8025741AF100C551DE /* TableViewCell.swift */ = {isa = PBXFileReference; lastKnownFileType = sourcecode.swift; path = TableViewCell.swift; sourceTree = "<group>"; };
/* End PBXFileReference section */

/* Begin PBXFrameworksBuildPhase section */
		450DCB5425728F4800C551DE /* Frameworks */ = {
			isa = PBXFrameworksBuildPhase;
			buildActionMask = 2147483647;
			files = (
			);
			runOnlyForDeploymentPostprocessing = 0;
		};
/* End PBXFrameworksBuildPhase section */

/* Begin PBXGroup section */
		450DCB4E25728F4800C551DE = {
			isa = PBXGroup;
			children = (
				450DCB5925728F4800C551DE /* trialvideoapp */,
				450DCB8725741B6B00C551DE /* Help */,
				450DCB5825728F4800C551DE /* Products */,
			);
			sourceTree = "<group>";
		};
		450DCB5825728F4800C551DE /* Products */ = {
			isa = PBXGroup;
			children = (
				450DCB5725728F4800C551DE /* trialvideoapp.app */,
			);
			name = Products;
			sourceTree = "<group>";
		};
		450DCB5925728F4800C551DE /* trialvideoapp */ = {
			isa = PBXGroup;
			children = (
				450DCB6825728F4B00C551DE /* Info.plist */,
				450DCB5A25728F4800C551DE /* AppDelegate.swift */,
				450DCB5C25728F4800C551DE /* SceneDelegate.swift */,
				450DCB8625741B6400C551DE /* Storyboard */,
				450DCB8525741B5300C551DE /* Models */,
				450DCB8425741B4B00C551DE /* View Controllers */,
				450DCB8325741B2F00C551DE /* Views */,
			);
			path = trialvideoapp;
			sourceTree = "<group>";
		};
		450DCB8325741B2F00C551DE /* Views */ = {
			isa = PBXGroup;
			children = (
				450DCB8025741AF100C551DE /* TableViewCell.swift */,
			);
			path = Views;
			sourceTree = "<group>";
		};
		450DCB8425741B4B00C551DE /* View Controllers */ = {
			isa = PBXGroup;
			children = (
				450DCB5E25728F4800C551DE /* ViewController.swift */,
			);
			path = "View Controllers";
			sourceTree = "<group>";
		};
		450DCB8525741B5300C551DE /* Models */ = {
			isa = PBXGroup;
			children = (
				450DCB7225729BAF00C551DE /* Video.swift */,
				450DCB7525729C2500C551DE /* Model.swift */,
				450DCB782572CB9E00C551DE /* Response.swift */,
			);
			path = Models;
			sourceTree = "<group>";
		};
		450DCB8625741B6400C551DE /* Storyboard */ = {
			isa = PBXGroup;
			children = (
				450DCB6025728F4800C551DE /* Main.storyboard */,
				450DCB6525728F4B00C551DE /* LaunchScreen.storyboard */,
			);
			path = Storyboard;
			sourceTree = "<group>";
		};
		450DCB8725741B6B00C551DE /* Help */ = {
			isa = PBXGroup;
			children = (
				450DCB6325728F4B00C551DE /* Assets.xcassets */,
				450DCB6F25729A1C00C551DE /* Constants.swift */,
			);
			path = Help;
			sourceTree = "<group>";
		};
/* End PBXGroup section */

/* Begin PBXNativeTarget section */
		450DCB5625728F4800C551DE /* trialvideoapp */ = {
			isa = PBXNativeTarget;
			buildConfigurationList = 450DCB6B25728F4B00C551DE /* Build configuration list for PBXNativeTarget "trialvideoapp" */;
			buildPhases = (
				450DCB5325728F4800C551DE /* Sources */,
				450DCB5425728F4800C551DE /* Frameworks */,
				450DCB5525728F4800C551DE /* Resources */,
			);
			buildRules = (
			);
			dependencies = (
			);
			name = trialvideoapp;
			productName = trialvideoapp;
			productReference = 450DCB5725728F4800C551DE /* trialvideoapp.app */;
			productType = "com.apple.product-type.application";
		};
/* End PBXNativeTarget section */

/* Begin PBXProject section */
		450DCB4F25728F4800C551DE /* Project object */ = {
			isa = PBXProject;
			attributes = {
				LastSwiftUpdateCheck = 1220;
				LastUpgradeCheck = 1220;
				TargetAttributes = {
					450DCB5625728F4800C551DE = {
						CreatedOnToolsVersion = 12.2;
					};
				};
			};
			buildConfigurationList = 450DCB5225728F4800C551DE /* Build configuration list for PBXProject "trialvideoapp" */;
			compatibilityVersion = "Xcode 9.3";
			developmentRegion = en;
			hasScannedForEncodings = 0;
			knownRegions = (
				en,
				Base,
			);
			mainGroup = 450DCB4E25728F4800C551DE;
			productRefGroup = 450DCB5825728F4800C551DE /* Products */;
			projectDirPath = "";
			projectRoot = "";
			targets = (
				450DCB5625728F4800C551DE /* trialvideoapp */,
			);
		};
/* End PBXProject section */

/* Begin PBXResourcesBuildPhase section */
		450DCB5525728F4800C551DE /* Resources */ = {
			isa = PBXResourcesBuildPhase;
			buildActionMask = 2147483647;
			files = (
				450DCB6725728F4B00C551DE /* LaunchScreen.storyboard in Resources */,
				450DCB6425728F4B00C551DE /* Assets.xcassets in Resources */,
				450DCB6225728F4800C551DE /* Main.storyboard in Resources */,
			);
			runOnlyForDeploymentPostprocessing = 0;
		};
/* End PBXResourcesBuildPhase section */

/* Begin PBXSourcesBuildPhase section */
		450DCB5325728F4800C551DE /* Sources */ = {
			isa = PBXSourcesBuildPhase;
			buildActionMask = 2147483647;
			files = (
				450DCB5F25728F4800C551DE /* ViewController.swift in Sources */,
				450DCB8125741AF100C551DE /* TableViewCell.swift in Sources */,
				450DCB5B25728F4800C551DE /* AppDelegate.swift in Sources */,
				450DCB5D25728F4800C551DE /* SceneDelegate.swift in Sources */,
				450DCB7625729C2500C551DE /* Model.swift in Sources */,
				450DCB7025729A1C00C551DE /* Constants.swift in Sources */,
				450DCB7325729BAF00C551DE /* Video.swift in Sources */,
				450DCB792572CB9E00C551DE /* Response.swift in Sources */,
			);
			runOnlyForDeploymentPostprocessing = 0;
		};
/* End PBXSourcesBuildPhase section */

/* Begin PBXVariantGroup section */
		450DCB6025728F4800C551DE /* Main.storyboard */ = {
			isa = PBXVariantGroup;
			children = (
				450DCB6125728F4800C551DE /* Base */,
			);
			name = Main.storyboard;
			sourceTree = "<group>";
		};
		450DCB6525728F4B00C551DE /* LaunchScreen.storyboard */ = {
			isa = PBXVariantGroup;
			children = (
				450DCB6625728F4B00C551DE /* Base */,
			);
			name = LaunchScreen.storyboard;
			sourceTree = "<group>";
		};
/* End PBXVariantGroup section */

/* Begin XCBuildConfiguration section */
		450DCB6925728F4B00C551DE /* Debug */ = {
			isa = XCBuildConfiguration;
			buildSettings = {
				ALWAYS_SEARCH_USER_PATHS = NO;
				CLANG_ANALYZER_NONNULL = YES;
				CLANG_ANALYZER_NUMBER_OBJECT_CONVERSION = YES_AGGRESSIVE;
				CLANG_CXX_LANGUAGE_STANDARD = "gnu++14";
				CLANG_CXX_LIBRARY = "libc++";
				CLANG_ENABLE_MODULES = YES;
				CLANG_ENABLE_OBJC_ARC = YES;
				CLANG_ENABLE_OBJC_WEAK = YES;
				CLANG_WARN_BLOCK_CAPTURE_AUTORELEASING = YES;
				CLANG_WARN_BOOL_CONVERSION = YES;
				CLANG_WARN_COMMA = YES;
				CLANG_WARN_CONSTANT_CONVERSION = YES;
				CLANG_WARN_DEPRECATED_OBJC_IMPLEMENTATIONS = YES;
				CLANG_WARN_DIRECT_OBJC_ISA_USAGE = YES_ERROR;
				CLANG_WARN_DOCUMENTATION_COMMENTS = YES;
				CLANG_WARN_EMPTY_BODY = YES;
				CLANG_WARN_ENUM_CONVERSION = YES;
				CLANG_WARN_INFINITE_RECURSION = YES;
				CLANG_WARN_INT_CONVERSION = YES;
				CLANG_WARN_NON_LITERAL_NULL_CONVERSION = YES;
				CLANG_WARN_OBJC_IMPLICIT_RETAIN_SELF = YES;
				CLANG_WARN_OBJC_LITERAL_CONVERSION = YES;
				CLANG_WARN_OBJC_ROOT_CLASS = YES_ERROR;
				CLANG_WARN_QUOTED_INCLUDE_IN_FRAMEWORK_HEADER = YES;
				CLANG_WARN_RANGE_LOOP_ANALYSIS = YES;
				CLANG_WARN_STRICT_PROTOTYPES = YES;
				CLANG_WARN_SUSPICIOUS_MOVE = YES;
				CLANG_WARN_UNGUARDED_AVAILABILITY = YES_AGGRESSIVE;
				CLANG_WARN_UNREACHABLE_CODE = YES;
				CLANG_WARN__DUPLICATE_METHOD_MATCH = YES;
				COPY_PHASE_STRIP = NO;
				DEBUG_INFORMATION_FORMAT = dwarf;
				ENABLE_STRICT_OBJC_MSGSEND = YES;
				ENABLE_TESTABILITY = YES;
				GCC_C_LANGUAGE_STANDARD = gnu11;
				GCC_DYNAMIC_NO_PIC = NO;
				GCC_NO_COMMON_BLOCKS = YES;
				GCC_OPTIMIZATION_LEVEL = 0;
				GCC_PREPROCESSOR_DEFINITIONS = (
					"DEBUG=1",
					"$(inherited)",
				);
				GCC_WARN_64_TO_32_BIT_CONVERSION = YES;
				GCC_WARN_ABOUT_RETURN_TYPE = YES_ERROR;
				GCC_WARN_UNDECLARED_SELECTOR = YES;
				GCC_WARN_UNINITIALIZED_AUTOS = YES_AGGRESSIVE;
				GCC_WARN_UNUSED_FUNCTION = YES;
				GCC_WARN_UNUSED_VARIABLE = YES;
				IPHONEOS_DEPLOYMENT_TARGET = 14.2;
				MTL_ENABLE_DEBUG_INFO = INCLUDE_SOURCE;
				MTL_FAST_MATH = YES;
				ONLY_ACTIVE_ARCH = YES;
				SDKROOT = iphoneos;
				SWIFT_ACTIVE_COMPILATION_CONDITIONS = DEBUG;
				SWIFT_OPTIMIZATION_LEVEL = "-Onone";
			};
			name = Debug;
		};
		450DCB6A25728F4B00C551DE /* Release */ = {
			isa = XCBuildConfiguration;
			buildSettings = {
				ALWAYS_SEARCH_USER_PATHS = NO;
				CLANG_ANALYZER_NONNULL = YES;
				CLANG_ANALYZER_NUMBER_OBJECT_CONVERSION = YES_AGGRESSIVE;
				CLANG_CXX_LANGUAGE_STANDARD = "gnu++14";
				CLANG_CXX_LIBRARY = "libc++";
				CLANG_ENABLE_MODULES = YES;
				CLANG_ENABLE_OBJC_ARC = YES;
				CLANG_ENABLE_OBJC_WEAK = YES;
				CLANG_WARN_BLOCK_CAPTURE_AUTORELEASING = YES;
				CLANG_WARN_BOOL_CONVERSION = YES;
				CLANG_WARN_COMMA = YES;
				CLANG_WARN_CONSTANT_CONVERSION = YES;
				CLANG_WARN_DEPRECATED_OBJC_IMPLEMENTATIONS = YES;
				CLANG_WARN_DIRECT_OBJC_ISA_USAGE = YES_ERROR;
				CLANG_WARN_DOCUMENTATION_COMMENTS = YES;
				CLANG_WARN_EMPTY_BODY = YES;
				CLANG_WARN_ENUM_CONVERSION = YES;
				CLANG_WARN_INFINITE_RECURSION = YES;
				CLANG_WARN_INT_CONVERSION = YES;
				CLANG_WARN_NON_LITERAL_NULL_CONVERSION = YES;
				CLANG_WARN_OBJC_IMPLICIT_RETAIN_SELF = YES;
				CLANG_WARN_OBJC_LITERAL_CONVERSION = YES;
				CLANG_WARN_OBJC_ROOT_CLASS = YES_ERROR;
				CLANG_WARN_QUOTED_INCLUDE_IN_FRAMEWORK_HEADER = YES;
				CLANG_WARN_RANGE_LOOP_ANALYSIS = YES;
				CLANG_WARN_STRICT_PROTOTYPES = YES;
				CLANG_WARN_SUSPICIOUS_MOVE = YES;
				CLANG_WARN_UNGUARDED_AVAILABILITY = YES_AGGRESSIVE;
				CLANG_WARN_UNREACHABLE_CODE = YES;
				CLANG_WARN__DUPLICATE_METHOD_MATCH = YES;
				COPY_PHASE_STRIP = NO;
				DEBUG_INFORMATION_FORMAT = "dwarf-with-dsym";
				ENABLE_NS_ASSERTIONS = NO;
				ENABLE_STRICT_OBJC_MSGSEND = YES;
				GCC_C_LANGUAGE_STANDARD = gnu11;
				GCC_NO_COMMON_BLOCKS = YES;
				GCC_WARN_64_TO_32_BIT_CONVERSION = YES;
				GCC_WARN_ABOUT_RETURN_TYPE = YES_ERROR;
				GCC_WARN_UNDECLARED_SELECTOR = YES;
				GCC_WARN_UNINITIALIZED_AUTOS = YES_AGGRESSIVE;
				GCC_WARN_UNUSED_FUNCTION = YES;
				GCC_WARN_UNUSED_VARIABLE = YES;
				IPHONEOS_DEPLOYMENT_TARGET = 14.2;
				MTL_ENABLE_DEBUG_INFO = NO;
				MTL_FAST_MATH = YES;
				SDKROOT = iphoneos;
				SWIFT_COMPILATION_MODE = wholemodule;
				SWIFT_OPTIMIZATION_LEVEL = "-O";
				VALIDATE_PRODUCT = YES;
			};
			name = Release;
		};
		450DCB6C25728F4B00C551DE /* Debug */ = {
			isa = XCBuildConfiguration;
			buildSettings = {
				ASSETCATALOG_COMPILER_APPICON_NAME = AppIcon;
				ASSETCATALOG_COMPILER_GLOBAL_ACCENT_COLOR_NAME = AccentColor;
				CODE_SIGN_STYLE = Automatic;
				DEVELOPMENT_TEAM = D86BX62AKF;
				INFOPLIST_FILE = trialvideoapp/Info.plist;
				LD_RUNPATH_SEARCH_PATHS = (
					"$(inherited)",
					"@executable_path/Frameworks",
				);
				PRODUCT_BUNDLE_IDENTIFIER = com.mab.trialapp;
				PRODUCT_NAME = "$(TARGET_NAME)";
				SWIFT_VERSION = 5.0;
				TARGETED_DEVICE_FAMILY = "1,2";
			};
			name = Debug;
		};
		450DCB6D25728F4B00C551DE /* Release */ = {
			isa = XCBuildConfiguration;
			buildSettings = {
				ASSETCATALOG_COMPILER_APPICON_NAME = AppIcon;
				ASSETCATALOG_COMPILER_GLOBAL_ACCENT_COLOR_NAME = AccentColor;
				CODE_SIGN_STYLE = Automatic;
				DEVELOPMENT_TEAM = D86BX62AKF;
				INFOPLIST_FILE = trialvideoapp/Info.plist;
				LD_RUNPATH_SEARCH_PATHS = (
					"$(inherited)",
					"@executable_path/Frameworks",
				);
				PRODUCT_BUNDLE_IDENTIFIER = com.mab.trialapp;
				PRODUCT_NAME = "$(TARGET_NAME)";
				SWIFT_VERSION = 5.0;
				TARGETED_DEVICE_FAMILY = "1,2";
			};
			name = Release;
		};
/* End XCBuildConfiguration section */

/* Begin XCConfigurationList section */
		450DCB5225728F4800C551DE /* Build configuration list for PBXProject "trialvideoapp" */ = {
			isa = XCConfigurationList;
			buildConfigurations = (
				450DCB6925728F4B00C551DE /* Debug */,
				450DCB6A25728F4B00C551DE /* Release */,
			);
			defaultConfigurationIsVisible = 0;
			defaultConfigurationName = Release;
		};
		450DCB6B25728F4B00C551DE /* Build configuration list for PBXNativeTarget "trialvideoapp" */ = {
			isa = XCConfigurationList;
			buildConfigurations = (
				450DCB6C25728F4B00C551DE /* Debug */,
				450DCB6D25728F4B00C551DE /* Release */,
			);
			defaultConfigurationIsVisible = 0;
			defaultConfigurationName = Release;
		};
/* End XCConfigurationList section */
	};
	rootObject = 450DCB4F25728F4800C551DE /* Project object */;
}
